
Microsoft Visual Studio Solution File, Format Version 12.00
# Visual Studio Version 17
VisualStudioVersion = 17.10.35122.118
MinimumVisualStudioVersion = 10.0.40219.1
Project("{FAE04EC0-301F-11D3-BF4B-00C04F79EFBC}") = "proyecto wilmer", "proyecto wilmer\proyecto wilmer.csproj", "{5F98D8F3-EE4C-43DD-8DE9-800DF8403D46}"
EndProject
Global
	GlobalSection(SolutionConfigurationPlatforms) = preSolution
		Debug|Any CPU = Debug|Any CPU
		Release|Any CPU = Release|Any CPU
	EndGlobalSection
	GlobalSection(ProjectConfigurationPlatforms) = postSolution
		{5F98D8F3-EE4C-43DD-8DE9-800DF8403D46}.Debug|Any CPU.ActiveCfg = Debug|Any CPU
		{5F98D8F3-EE4C-43DD-8DE9-800DF8403D46}.Debug|Any CPU.Build.0 = Debug|Any CPU
		{5F98D8F3-EE4C-43DD-8DE9-800DF8403D46}.Release|Any CPU.ActiveCfg = Release|Any CPU
		{5F98D8F3-EE4C-43DD-8DE9-800DF8403D46}.Release|Any CPU.Build.0 = Release|Any CPU
	EndGlobalSection
	GlobalSection(SolutionProperties) = preSolution
		HideSolutionNode = FALSE
	EndGlobalSection
	GlobalSection(ExtensibilityGlobals) = postSolution
		SolutionGuid = {02E101D4-A93D-4057-A4C4-824813CEAFB1}
	EndGlobalSection
EndGlobal
